
Microsoft Visual Studio Solution File, Format Version 12.00
# Visual Studio Version 16
VisualStudioVersion = 16.0.30523.141
MinimumVisualStudioVersion = 10.0.40219.1
Project("{FAE04EC0-301F-11D3-BF4B-00C04F79EFBC}") = "v2", "v2\v2.csproj", "{A0C3D6E9-2914-42B7-AA9F-1E7F0EBEA21A}"
EndProject
Global
	GlobalSection(SolutionConfigurationPlatforms) = preSolution
		Debug|Any CPU = Debug|Any CPU
		Release|Any CPU = Release|Any CPU
	EndGlobalSection
	GlobalSection(ProjectConfigurationPlatforms) = postSolution
		{A0C3D6E9-2914-42B7-AA9F-1E7F0EBEA21A}.Debug|Any CPU.ActiveCfg = Debug|Any CPU
		{A0C3D6E9-2914-42B7-AA9F-1E7F0EBEA21A}.Debug|Any CPU.Build.0 = Debug|Any CPU
		{A0C3D6E9-2914-42B7-AA9F-1E7F0EBEA21A}.Release|Any CPU.ActiveCfg = Release|Any CPU
		{A0C3D6E9-2914-42B7-AA9F-1E7F0EBEA21A}.Release|Any CPU.Build.0 = Release|Any CPU
	EndGlobalSection
	GlobalSection(SolutionProperties) = preSolution
		HideSolutionNode = FALSE
	EndGlobalSection
	GlobalSection(ExtensibilityGlobals) = postSolution
		SolutionGuid = {4A39AA95-DB08-486B-B29B-A568107D8A75}
	EndGlobalSection
EndGlobal
